
Microsoft Visual Studio Solution File, Format Version 12.00
# Visual Studio Version 17
VisualStudioVersion = 17.0.32112.339
MinimumVisualStudioVersion = 10.0.40219.1
Project("{FAE04EC0-301F-11D3-BF4B-00C04F79EFBC}") = "PracticeQ1", "PracticeQ1.csproj", "{35941EC3-CD5B-425E-AD4D-F51AC8602F34}"
EndProject
Project("{FAE04EC0-301F-11D3-BF4B-00C04F79EFBC}") = "PracticeQ1-PartII", "..\PracticeQ1-PartII\PracticeQ1-PartII.csproj", "{793E6E81-30E9-40D3-8739-8A5D578FEDDE}"
EndProject
Global
	GlobalSection(SolutionConfigurationPlatforms) = preSolution
		Debug|Any CPU = Debug|Any CPU
		Release|Any CPU = Release|Any CPU
	EndGlobalSection
	GlobalSection(ProjectConfigurationPlatforms) = postSolution
		{35941EC3-CD5B-425E-AD4D-F51AC8602F34}.Debug|Any CPU.ActiveCfg = Debug|Any CPU
		{35941EC3-CD5B-425E-AD4D-F51AC8602F34}.Debug|Any CPU.Build.0 = Debug|Any CPU
		{35941EC3-CD5B-425E-AD4D-F51AC8602F34}.Release|Any CPU.ActiveCfg = Release|Any CPU
		{35941EC3-CD5B-425E-AD4D-F51AC8602F34}.Release|Any CPU.Build.0 = Release|Any CPU
		{793E6E81-30E9-40D3-8739-8A5D578FEDDE}.Debug|Any CPU.ActiveCfg = Debug|Any CPU
		{793E6E81-30E9-40D3-8739-8A5D578FEDDE}.Debug|Any CPU.Build.0 = Debug|Any CPU
		{793E6E81-30E9-40D3-8739-8A5D578FEDDE}.Release|Any CPU.ActiveCfg = Release|Any CPU
		{793E6E81-30E9-40D3-8739-8A5D578FEDDE}.Release|Any CPU.Build.0 = Release|Any CPU
	EndGlobalSection
	GlobalSection(SolutionProperties) = preSolution
		HideSolutionNode = FALSE
	EndGlobalSection
	GlobalSection(ExtensibilityGlobals) = postSolution
		SolutionGuid = {4D7F7489-999E-4F4B-B394-B7BE846EC85D}
	EndGlobalSection
EndGlobal
